Microsoft Visual Studio Solution File, Format Version 12.00
# Visual Studio 15
VisualStudioVersion = 15.0.27130.2036
MinimumVisualStudioVersion = 10.0.40219.1
Project("{2150E333-8FDC-42A3-9474-1A3956D46DE8}") = "research", "research", "{CBE624DE-1EDD-4891-A65D-B47D72F8388F}"
EndProject
Project("{FAE04EC0-301F-11D3-BF4B-00C04F79EFBC}") = "XyrohLib", "XyrohLib\XyrohLib.csproj", "{EE49DFAA-9D8B-46F5-BDDB-15F9B6D06C00}"
EndProject
Project("{2150E333-8FDC-42A3-9474-1A3956D46DE8}") = "test", "test", "{05C3D3D7-92FE-4D18-A9DD-7ACFBF9C98F5}"
EndProject
Project("{FAE04EC0-301F-11D3-BF4B-00C04F79EFBC}") = "ConsoleTest", "ConsoleTest\ConsoleTest.csproj", "{27BA187C-326D-4A34-9228-9A0B70859AFA}"
EndProject
Project("{FAE04EC0-301F-11D3-BF4B-00C04F79EFBC}") = "SharpRaven", "raven-csharp-develop\src\app\SharpRaven\SharpRaven.csproj", "{D28CB02B-2D08-4B54-AB3D-28C1EAD43944}"
EndProject
Global
	GlobalSection(SolutionConfigurationPlatforms) = preSolution
		Debug|Any CPU = Debug|Any CPU
		Release|Any CPU = Release|Any CPU
	EndGlobalSection
	GlobalSection(ProjectConfigurationPlatforms) = postSolution
		{EE49DFAA-9D8B-46F5-BDDB-15F9B6D06C00}.Debug|Any CPU.ActiveCfg = Debug|Any CPU
		{EE49DFAA-9D8B-46F5-BDDB-15F9B6D06C00}.Debug|Any CPU.Build.0 = Debug|Any CPU
		{EE49DFAA-9D8B-46F5-BDDB-15F9B6D06C00}.Release|Any CPU.ActiveCfg = Release|Any CPU
		{EE49DFAA-9D8B-46F5-BDDB-15F9B6D06C00}.Release|Any CPU.Build.0 = Release|Any CPU
		{27BA187C-326D-4A34-9228-9A0B70859AFA}.Debug|Any CPU.ActiveCfg = Debug|Any CPU
		{27BA187C-326D-4A34-9228-9A0B70859AFA}.Debug|Any CPU.Build.0 = Debug|Any CPU
		{27BA187C-326D-4A34-9228-9A0B70859AFA}.Release|Any CPU.ActiveCfg = Release|Any CPU
		{27BA187C-326D-4A34-9228-9A0B70859AFA}.Release|Any CPU.Build.0 = Release|Any CPU
		{D28CB02B-2D08-4B54-AB3D-28C1EAD43944}.Debug|Any CPU.ActiveCfg = Debug|Any CPU
		{D28CB02B-2D08-4B54-AB3D-28C1EAD43944}.Debug|Any CPU.Build.0 = Debug|Any CPU
		{D28CB02B-2D08-4B54-AB3D-28C1EAD43944}.Release|Any CPU.ActiveCfg = Release|Any CPU
		{D28CB02B-2D08-4B54-AB3D-28C1EAD43944}.Release|Any CPU.Build.0 = Release|Any CPU
	EndGlobalSection
	GlobalSection(SolutionProperties) = preSolution
		HideSolutionNode = FALSE
	EndGlobalSection
	GlobalSection(NestedProjects) = preSolution
		{27BA187C-326D-4A34-9228-9A0B70859AFA} = {05C3D3D7-92FE-4D18-A9DD-7ACFBF9C98F5}
	EndGlobalSection
	GlobalSection(ExtensibilityGlobals) = postSolution
		SolutionGuid = {E9D864B5-5395-4752-8007-86FF0C2FF295}
	EndGlobalSection
	GlobalSection(MonoDevelopProperties) = preSolution
		Policies = $0
		$0.DotNetNamingPolicy = $1
		$0.TextStylePolicy = $4
		$0.TextStylePolicy = $5
		$5.inheritsSet = null
		$5.scope = text/x-csharp
		$0.CSharpFormattingPolicy = $6
		$6.scope = text/x-csharp
		$0.TextStylePolicy = $7
		$7.FileWidth = 80
		$7.TabsToSpaces = True
		$7.scope = text/plain
	EndGlobalSection
EndGlobal
